// !$*UTF8*$!
{
	archiveVersion = 1;
	classes = {
	};
	objectVersion = 56;
	objects = {

/* Begin PBXBuildFile section */
		1A72B36A2A22A53A006E3BAC /* AppDelegate.swift in Sources */ = {isa = PBXBuildFile; fileRef = 1A72B3692A22A53A006E3BAC /* AppDelegate.swift */; };
		1A72B36C2A22A53A006E3BAC /* SceneDelegate.swift in Sources */ = {isa = PBXBuildFile; fileRef = 1A72B36B2A22A53A006E3BAC /* SceneDelegate.swift */; };
		1A72B36E2A22A53A006E3BAC /* ViewController.swift in Sources */ = {isa = PBXBuildFile; fileRef = 1A72B36D2A22A53A006E3BAC /* ViewController.swift */; };
		1A72B3712A22A53A006E3BAC /* Main.storyboard in Resources */ = {isa = PBXBuildFile; fileRef = 1A72B36F2A22A53A006E3BAC /* Main.storyboard */; };
		1A72B3732A22A53C006E3BAC /* Assets.xcassets in Resources */ = {isa = PBXBuildFile; fileRef = 1A72B3722A22A53C006E3BAC /* Assets.xcassets */; };
		1A72B3762A22A53C006E3BAC /* LaunchScreen.storyboard in Resources */ = {isa = PBXBuildFile; fileRef = 1A72B3742A22A53C006E3BAC /* LaunchScreen.storyboard */; };
		1A72B3812A22A53C006E3BAC /* HearthstoneAppTests.swift in Sources */ = {isa = PBXBuildFile; fileRef = 1A72B3802A22A53C006E3BAC /* HearthstoneAppTests.swift */; };
		1A72B38B2A22A53C006E3BAC /* HearthstoneAppUITests.swift in Sources */ = {isa = PBXBuildFile; fileRef = 1A72B38A2A22A53C006E3BAC /* HearthstoneAppUITests.swift */; };
		1A72B38D2A22A53C006E3BAC /* HearthstoneAppUITestsLaunchTests.swift in Sources */ = {isa = PBXBuildFile; fileRef = 1A72B38C2A22A53C006E3BAC /* HearthstoneAppUITestsLaunchTests.swift */; };
		1A72B3A02A22AF2D006E3BAC /* NetworkService.swift in Sources */ = {isa = PBXBuildFile; fileRef = 1A72B39F2A22AF2D006E3BAC /* NetworkService.swift */; };
		1A72B3A22A22B0A6006E3BAC /* HearthstoneAPI.swift in Sources */ = {isa = PBXBuildFile; fileRef = 1A72B3A12A22B0A6006E3BAC /* HearthstoneAPI.swift */; };
		1A72B3A42A22B649006E3BAC /* HearthstoneAPITests.swift in Sources */ = {isa = PBXBuildFile; fileRef = 1A72B3A32A22B649006E3BAC /* HearthstoneAPITests.swift */; };
		1A72B3A72A22BFAB006E3BAC /* CardListModels.swift in Sources */ = {isa = PBXBuildFile; fileRef = 1A72B3A62A22BFAB006E3BAC /* CardListModels.swift */; };
/* End PBXBuildFile section */

/* Begin PBXContainerItemProxy section */
		1A72B37D2A22A53C006E3BAC /* PBXContainerItemProxy */ = {
			isa = PBXContainerItemProxy;
			containerPortal = 1A72B35E2A22A53A006E3BAC /* Project object */;
			proxyType = 1;
			remoteGlobalIDString = 1A72B3652A22A53A006E3BAC;
			remoteInfo = HearthstoneApp;
		};
		1A72B3872A22A53C006E3BAC /* PBXContainerItemProxy */ = {
			isa = PBXContainerItemProxy;
			containerPortal = 1A72B35E2A22A53A006E3BAC /* Project object */;
			proxyType = 1;
			remoteGlobalIDString = 1A72B3652A22A53A006E3BAC;
			remoteInfo = HearthstoneApp;
		};
/* End PBXContainerItemProxy section */

/* Begin PBXFileReference section */
		1A72B3662A22A53A006E3BAC /* HearthstoneApp.app */ = {isa = PBXFileReference; explicitFileType = wrapper.application; includeInIndex = 0; path = HearthstoneApp.app; sourceTree = BUILT_PRODUCTS_DIR; };
		1A72B3692A22A53A006E3BAC /* AppDelegate.swift */ = {isa = PBXFileReference; lastKnownFileType = sourcecode.swift; path = AppDelegate.swift; sourceTree = "<group>"; };
		1A72B36B2A22A53A006E3BAC /* SceneDelegate.swift */ = {isa = PBXFileReference; lastKnownFileType = sourcecode.swift; path = SceneDelegate.swift; sourceTree = "<group>"; };
		1A72B36D2A22A53A006E3BAC /* ViewController.swift */ = {isa = PBXFileReference; lastKnownFileType = sourcecode.swift; path = ViewController.swift; sourceTree = "<group>"; };
		1A72B3702A22A53A006E3BAC /* Base */ = {isa = PBXFileReference; lastKnownFileType = file.storyboard; name = Base; path = Base.lproj/Main.storyboard; sourceTree = "<group>"; };
		1A72B3722A22A53C006E3BAC /* Assets.xcassets */ = {isa = PBXFileReference; lastKnownFileType = folder.assetcatalog; path = Assets.xcassets; sourceTree = "<group>"; };
		1A72B3752A22A53C006E3BAC /* Base */ = {isa = PBXFileReference; lastKnownFileType = file.storyboard; name = Base; path = Base.lproj/LaunchScreen.storyboard; sourceTree = "<group>"; };
		1A72B3772A22A53C006E3BAC /* Info.plist */ = {isa = PBXFileReference; lastKnownFileType = text.plist.xml; path = Info.plist; sourceTree = "<group>"; };
		1A72B37C2A22A53C006E3BAC /* HearthstoneAppTests.xctest */ = {isa = PBXFileReference; explicitFileType = wrapper.cfbundle; includeInIndex = 0; path = HearthstoneAppTests.xctest; sourceTree = BUILT_PRODUCTS_DIR; };
		1A72B3802A22A53C006E3BAC /* HearthstoneAppTests.swift */ = {isa = PBXFileReference; lastKnownFileType = sourcecode.swift; path = HearthstoneAppTests.swift; sourceTree = "<group>"; };
		1A72B3862A22A53C006E3BAC /* HearthstoneAppUITests.xctest */ = {isa = PBXFileReference; explicitFileType = wrapper.cfbundle; includeInIndex = 0; path = HearthstoneAppUITests.xctest; sourceTree = BUILT_PRODUCTS_DIR; };
		1A72B38A2A22A53C006E3BAC /* HearthstoneAppUITests.swift */ = {isa = PBXFileReference; lastKnownFileType = sourcecode.swift; path = HearthstoneAppUITests.swift; sourceTree = "<group>"; };
		1A72B38C2A22A53C006E3BAC /* HearthstoneAppUITestsLaunchTests.swift */ = {isa = PBXFileReference; lastKnownFileType = sourcecode.swift; path = HearthstoneAppUITestsLaunchTests.swift; sourceTree = "<group>"; };
		1A72B39F2A22AF2D006E3BAC /* NetworkService.swift */ = {isa = PBXFileReference; lastKnownFileType = sourcecode.swift; path = NetworkService.swift; sourceTree = "<group>"; };
		1A72B3A12A22B0A6006E3BAC /* HearthstoneAPI.swift */ = {isa = PBXFileReference; lastKnownFileType = sourcecode.swift; path = HearthstoneAPI.swift; sourceTree = "<group>"; };
		1A72B3A32A22B649006E3BAC /* HearthstoneAPITests.swift */ = {isa = PBXFileReference; lastKnownFileType = sourcecode.swift; path = HearthstoneAPITests.swift; sourceTree = "<group>"; };
		1A72B3A62A22BFAB006E3BAC /* CardListModels.swift */ = {isa = PBXFileReference; lastKnownFileType = sourcecode.swift; path = CardListModels.swift; sourceTree = "<group>"; };
/* End PBXFileReference section */

/* Begin PBXFrameworksBuildPhase section */
		1A72B3632A22A53A006E3BAC /* Frameworks */ = {
			isa = PBXFrameworksBuildPhase;
			buildActionMask = 2147483647;
			files = (
			);
			runOnlyForDeploymentPostprocessing = 0;
		};
		1A72B3792A22A53C006E3BAC /* Frameworks */ = {
			isa = PBXFrameworksBuildPhase;
			buildActionMask = 2147483647;
			files = (
			);
			runOnlyForDeploymentPostprocessing = 0;
		};
		1A72B3832A22A53C006E3BAC /* Frameworks */ = {
			isa = PBXFrameworksBuildPhase;
			buildActionMask = 2147483647;
			files = (
			);
			runOnlyForDeploymentPostprocessing = 0;
		};
/* End PBXFrameworksBuildPhase section */

/* Begin PBXGroup section */
		1A72B35D2A22A53A006E3BAC = {
			isa = PBXGroup;
			children = (
				1A72B3682A22A53A006E3BAC /* HearthstoneApp */,
				1A72B37F2A22A53C006E3BAC /* HearthstoneAppTests */,
				1A72B3892A22A53C006E3BAC /* HearthstoneAppUITests */,
				1A72B3672A22A53A006E3BAC /* Products */,
			);
			sourceTree = "<group>";
		};
		1A72B3672A22A53A006E3BAC /* Products */ = {
			isa = PBXGroup;
			children = (
				1A72B3662A22A53A006E3BAC /* HearthstoneApp.app */,
				1A72B37C2A22A53C006E3BAC /* HearthstoneAppTests.xctest */,
				1A72B3862A22A53C006E3BAC /* HearthstoneAppUITests.xctest */,
			);
			name = Products;
			sourceTree = "<group>";
		};
		1A72B3682A22A53A006E3BAC /* HearthstoneApp */ = {
			isa = PBXGroup;
			children = (
				1A72B3692A22A53A006E3BAC /* AppDelegate.swift */,
				1A72B36B2A22A53A006E3BAC /* SceneDelegate.swift */,
				1A72B3992A22A88C006E3BAC /* Modules */,
				1A72B39A2A22A89A006E3BAC /* Network */,
				1A72B39B2A22A8A5006E3BAC /* Extensions */,
				1A72B36D2A22A53A006E3BAC /* ViewController.swift */,
				1A72B36F2A22A53A006E3BAC /* Main.storyboard */,
				1A72B3722A22A53C006E3BAC /* Assets.xcassets */,
				1A72B3742A22A53C006E3BAC /* LaunchScreen.storyboard */,
				1A72B3772A22A53C006E3BAC /* Info.plist */,
			);
			path = HearthstoneApp;
			sourceTree = "<group>";
		};
		1A72B37F2A22A53C006E3BAC /* HearthstoneAppTests */ = {
			isa = PBXGroup;
			children = (
				1A72B39C2A22A8C7006E3BAC /* CardList */,
				1A72B39D2A22A8D1006E3BAC /* CardDetail */,
				1A72B39E2A22A8D9006E3BAC /* Network */,
				1A72B3802A22A53C006E3BAC /* HearthstoneAppTests.swift */,
			);
			path = HearthstoneAppTests;
			sourceTree = "<group>";
		};
		1A72B3892A22A53C006E3BAC /* HearthstoneAppUITests */ = {
			isa = PBXGroup;
			children = (
				1A72B38A2A22A53C006E3BAC /* HearthstoneAppUITests.swift */,
				1A72B38C2A22A53C006E3BAC /* HearthstoneAppUITestsLaunchTests.swift */,
			);
			path = HearthstoneAppUITests;
			sourceTree = "<group>";
		};
		1A72B3992A22A88C006E3BAC /* Modules */ = {
			isa = PBXGroup;
			children = (
				1A72B3A52A22BF97006E3BAC /* CardList */,
			);
			path = Modules;
			sourceTree = "<group>";
		};
		1A72B39A2A22A89A006E3BAC /* Network */ = {
			isa = PBXGroup;
			children = (
				1A72B39F2A22AF2D006E3BAC /* NetworkService.swift */,
				1A72B3A12A22B0A6006E3BAC /* HearthstoneAPI.swift */,
			);
			path = Network;
			sourceTree = "<group>";
		};
		1A72B39B2A22A8A5006E3BAC /* Extensions */ = {
			isa = PBXGroup;
			children = (
			);
			path = Extensions;
			sourceTree = "<group>";
		};
		1A72B39C2A22A8C7006E3BAC /* CardList */ = {
			isa = PBXGroup;
			children = (
			);
			path = CardList;
			sourceTree = "<group>";
		};
		1A72B39D2A22A8D1006E3BAC /* CardDetail */ = {
			isa = PBXGroup;
			children = (
			);
			path = CardDetail;
			sourceTree = "<group>";
		};
		1A72B39E2A22A8D9006E3BAC /* Network */ = {
			isa = PBXGroup;
			children = (
				1A72B3A32A22B649006E3BAC /* HearthstoneAPITests.swift */,
			);
			path = Network;
			sourceTree = "<group>";
		};
		1A72B3A52A22BF97006E3BAC /* CardList */ = {
			isa = PBXGroup;
			children = (
				1A72B3A62A22BFAB006E3BAC /* CardListModels.swift */,
			);
			path = CardList;
			sourceTree = "<group>";
		};
/* End PBXGroup section */

/* Begin PBXNativeTarget section */
		1A72B3652A22A53A006E3BAC /* HearthstoneApp */ = {
			isa = PBXNativeTarget;
			buildConfigurationList = 1A72B3902A22A53C006E3BAC /* Build configuration list for PBXNativeTarget "HearthstoneApp" */;
			buildPhases = (
				1A72B3622A22A53A006E3BAC /* Sources */,
				1A72B3632A22A53A006E3BAC /* Frameworks */,
				1A72B3642A22A53A006E3BAC /* Resources */,
			);
			buildRules = (
			);
			dependencies = (
			);
			name = HearthstoneApp;
			productName = HearthstoneApp;
			productReference = 1A72B3662A22A53A006E3BAC /* HearthstoneApp.app */;
			productType = "com.apple.product-type.application";
		};
		1A72B37B2A22A53C006E3BAC /* HearthstoneAppTests */ = {
			isa = PBXNativeTarget;
			buildConfigurationList = 1A72B3932A22A53C006E3BAC /* Build configuration list for PBXNativeTarget "HearthstoneAppTests" */;
			buildPhases = (
				1A72B3782A22A53C006E3BAC /* Sources */,
				1A72B3792A22A53C006E3BAC /* Frameworks */,
				1A72B37A2A22A53C006E3BAC /* Resources */,
			);
			buildRules = (
			);
			dependencies = (
				1A72B37E2A22A53C006E3BAC /* PBXTargetDependency */,
			);
			name = HearthstoneAppTests;
			productName = HearthstoneAppTests;
			productReference = 1A72B37C2A22A53C006E3BAC /* HearthstoneAppTests.xctest */;
			productType = "com.apple.product-type.bundle.unit-test";
		};
		1A72B3852A22A53C006E3BAC /* HearthstoneAppUITests */ = {
			isa = PBXNativeTarget;
			buildConfigurationList = 1A72B3962A22A53C006E3BAC /* Build configuration list for PBXNativeTarget "HearthstoneAppUITests" */;
			buildPhases = (
				1A72B3822A22A53C006E3BAC /* Sources */,
				1A72B3832A22A53C006E3BAC /* Frameworks */,
				1A72B3842A22A53C006E3BAC /* Resources */,
			);
			buildRules = (
			);
			dependencies = (
				1A72B3882A22A53C006E3BAC /* PBXTargetDependency */,
			);
			name = HearthstoneAppUITests;
			productName = HearthstoneAppUITests;
			productReference = 1A72B3862A22A53C006E3BAC /* HearthstoneAppUITests.xctest */;
			productType = "com.apple.product-type.bundle.ui-testing";
		};
/* End PBXNativeTarget section */

/* Begin PBXProject section */
		1A72B35E2A22A53A006E3BAC /* Project object */ = {
			isa = PBXProject;
			attributes = {
				BuildIndependentTargetsInParallel = 1;
				LastSwiftUpdateCheck = 1430;
				LastUpgradeCheck = 1430;
				TargetAttributes = {
					1A72B3652A22A53A006E3BAC = {
						CreatedOnToolsVersion = 14.3;
					};
					1A72B37B2A22A53C006E3BAC = {
						CreatedOnToolsVersion = 14.3;
						TestTargetID = 1A72B3652A22A53A006E3BAC;
					};
					1A72B3852A22A53C006E3BAC = {
						CreatedOnToolsVersion = 14.3;
						TestTargetID = 1A72B3652A22A53A006E3BAC;
					};
				};
			};
			buildConfigurationList = 1A72B3612A22A53A006E3BAC /* Build configuration list for PBXProject "HearthstoneApp" */;
			compatibilityVersion = "Xcode 14.0";
			developmentRegion = en;
			hasScannedForEncodings = 0;
			knownRegions = (
				en,
				Base,
			);
			mainGroup = 1A72B35D2A22A53A006E3BAC;
			productRefGroup = 1A72B3672A22A53A006E3BAC /* Products */;
			projectDirPath = "";
			projectRoot = "";
			targets = (
				1A72B3652A22A53A006E3BAC /* HearthstoneApp */,
				1A72B37B2A22A53C006E3BAC /* HearthstoneAppTests */,
				1A72B3852A22A53C006E3BAC /* HearthstoneAppUITests */,
			);
		};
/* End PBXProject section */

/* Begin PBXResourcesBuildPhase section */
		1A72B3642A22A53A006E3BAC /* Resources */ = {
			isa = PBXResourcesBuildPhase;
			buildActionMask = 2147483647;
			files = (
				1A72B3762A22A53C006E3BAC /* LaunchScreen.storyboard in Resources */,
				1A72B3732A22A53C006E3BAC /* Assets.xcassets in Resources */,
				1A72B3712A22A53A006E3BAC /* Main.storyboard in Resources */,
			);
			runOnlyForDeploymentPostprocessing = 0;
		};
		1A72B37A2A22A53C006E3BAC /* Resources */ = {
			isa = PBXResourcesBuildPhase;
			buildActionMask = 2147483647;
			files = (
			);
			runOnlyForDeploymentPostprocessing = 0;
		};
		1A72B3842A22A53C006E3BAC /* Resources */ = {
			isa = PBXResourcesBuildPhase;
			buildActionMask = 2147483647;
			files = (
			);
			runOnlyForDeploymentPostprocessing = 0;
		};
/* End PBXResourcesBuildPhase section */

/* Begin PBXSourcesBuildPhase section */
		1A72B3622A22A53A006E3BAC /* Sources */ = {
			isa = PBXSourcesBuildPhase;
			buildActionMask = 2147483647;
			files = (
				1A72B36E2A22A53A006E3BAC /* ViewController.swift in Sources */,
				1A72B36A2A22A53A006E3BAC /* AppDelegate.swift in Sources */,
				1A72B3A22A22B0A6006E3BAC /* HearthstoneAPI.swift in Sources */,
				1A72B3A02A22AF2D006E3BAC /* NetworkService.swift in Sources */,
				1A72B36C2A22A53A006E3BAC /* SceneDelegate.swift in Sources */,
				1A72B3A72A22BFAB006E3BAC /* CardListModels.swift in Sources */,
			);
			runOnlyForDeploymentPostprocessing = 0;
		};
		1A72B3782A22A53C006E3BAC /* Sources */ = {
			isa = PBXSourcesBuildPhase;
			buildActionMask = 2147483647;
			files = (
				1A72B3A42A22B649006E3BAC /* HearthstoneAPITests.swift in Sources */,
				1A72B3812A22A53C006E3BAC /* HearthstoneAppTests.swift in Sources */,
			);
			runOnlyForDeploymentPostprocessing = 0;
		};
		1A72B3822A22A53C006E3BAC /* Sources */ = {
			isa = PBXSourcesBuildPhase;
			buildActionMask = 2147483647;
			files = (
				1A72B38D2A22A53C006E3BAC /* HearthstoneAppUITestsLaunchTests.swift in Sources */,
				1A72B38B2A22A53C006E3BAC /* HearthstoneAppUITests.swift in Sources */,
			);
			runOnlyForDeploymentPostprocessing = 0;
		};
/* End PBXSourcesBuildPhase section */

/* Begin PBXTargetDependency section */
		1A72B37E2A22A53C006E3BAC /* PBXTargetDependency */ = {
			isa = PBXTargetDependency;
			target = 1A72B3652A22A53A006E3BAC /* HearthstoneApp */;
			targetProxy = 1A72B37D2A22A53C006E3BAC /* PBXContainerItemProxy */;
		};
		1A72B3882A22A53C006E3BAC /* PBXTargetDependency */ = {
			isa = PBXTargetDependency;
			target = 1A72B3652A22A53A006E3BAC /* HearthstoneApp */;
			targetProxy = 1A72B3872A22A53C006E3BAC /* PBXContainerItemProxy */;
		};
/* End PBXTargetDependency section */

/* Begin PBXVariantGroup section */
		1A72B36F2A22A53A006E3BAC /* Main.storyboard */ = {
			isa = PBXVariantGroup;
			children = (
				1A72B3702A22A53A006E3BAC /* Base */,
			);
			name = Main.storyboard;
			sourceTree = "<group>";
		};
		1A72B3742A22A53C006E3BAC /* LaunchScreen.storyboard */ = {
			isa = PBXVariantGroup;
			children = (
				1A72B3752A22A53C006E3BAC /* Base */,
			);
			name = LaunchScreen.storyboard;
			sourceTree = "<group>";
		};
/* End PBXVariantGroup section */

/* Begin XCBuildConfiguration section */
		1A72B38E2A22A53C006E3BAC /* Debug */ = {
			isa = XCBuildConfiguration;
			buildSettings = {
				ALWAYS_SEARCH_USER_PATHS = NO;
				CLANG_ANALYZER_NONNULL = YES;
				CLANG_ANALYZER_NUMBER_OBJECT_CONVERSION = YES_AGGRESSIVE;
				CLANG_CXX_LANGUAGE_STANDARD = "gnu++20";
				CLANG_ENABLE_MODULES = YES;
				CLANG_ENABLE_OBJC_ARC = YES;
				CLANG_ENABLE_OBJC_WEAK = YES;
				CLANG_WARN_BLOCK_CAPTURE_AUTORELEASING = YES;
				CLANG_WARN_BOOL_CONVERSION = YES;
				CLANG_WARN_COMMA = YES;
				CLANG_WARN_CONSTANT_CONVERSION = YES;
				CLANG_WARN_DEPRECATED_OBJC_IMPLEMENTATIONS = YES;
				CLANG_WARN_DIRECT_OBJC_ISA_USAGE = YES_ERROR;
				CLANG_WARN_DOCUMENTATION_COMMENTS = YES;
				CLANG_WARN_EMPTY_BODY = YES;
				CLANG_WARN_ENUM_CONVERSION = YES;
				CLANG_WARN_INFINITE_RECURSION = YES;
				CLANG_WARN_INT_CONVERSION = YES;
				CLANG_WARN_NON_LITERAL_NULL_CONVERSION = YES;
				CLANG_WARN_OBJC_IMPLICIT_RETAIN_SELF = YES;
				CLANG_WARN_OBJC_LITERAL_CONVERSION = YES;
				CLANG_WARN_OBJC_ROOT_CLASS = YES_ERROR;
				CLANG_WARN_QUOTED_INCLUDE_IN_FRAMEWORK_HEADER = YES;
				CLANG_WARN_RANGE_LOOP_ANALYSIS = YES;
				CLANG_WARN_STRICT_PROTOTYPES = YES;
				CLANG_WARN_SUSPICIOUS_MOVE = YES;
				CLANG_WARN_UNGUARDED_AVAILABILITY = YES_AGGRESSIVE;
				CLANG_WARN_UNREACHABLE_CODE = YES;
				CLANG_WARN__DUPLICATE_METHOD_MATCH = YES;
				COPY_PHASE_STRIP = NO;
				DEBUG_INFORMATION_FORMAT = dwarf;
				ENABLE_STRICT_OBJC_MSGSEND = YES;
				ENABLE_TESTABILITY = YES;
				GCC_C_LANGUAGE_STANDARD = gnu11;
				GCC_DYNAMIC_NO_PIC = NO;
				GCC_NO_COMMON_BLOCKS = YES;
				GCC_OPTIMIZATION_LEVEL = 0;
				GCC_PREPROCESSOR_DEFINITIONS = (
					"DEBUG=1",
					"$(inherited)",
				);
				GCC_WARN_64_TO_32_BIT_CONVERSION = YES;
				GCC_WARN_ABOUT_RETURN_TYPE = YES_ERROR;
				GCC_WARN_UNDECLARED_SELECTOR = YES;
				GCC_WARN_UNINITIALIZED_AUTOS = YES_AGGRESSIVE;
				GCC_WARN_UNUSED_FUNCTION = YES;
				GCC_WARN_UNUSED_VARIABLE = YES;
				IPHONEOS_DEPLOYMENT_TARGET = 16.4;
				MTL_ENABLE_DEBUG_INFO = INCLUDE_SOURCE;
				MTL_FAST_MATH = YES;
				ONLY_ACTIVE_ARCH = YES;
				SDKROOT = iphoneos;
				SWIFT_ACTIVE_COMPILATION_CONDITIONS = DEBUG;
				SWIFT_OPTIMIZATION_LEVEL = "-Onone";
			};
			name = Debug;
		};
		1A72B38F2A22A53C006E3BAC /* Release */ = {
			isa = XCBuildConfiguration;
			buildSettings = {
				ALWAYS_SEARCH_USER_PATHS = NO;
				CLANG_ANALYZER_NONNULL = YES;
				CLANG_ANALYZER_NUMBER_OBJECT_CONVERSION = YES_AGGRESSIVE;
				CLANG_CXX_LANGUAGE_STANDARD = "gnu++20";
				CLANG_ENABLE_MODULES = YES;
				CLANG_ENABLE_OBJC_ARC = YES;
				CLANG_ENABLE_OBJC_WEAK = YES;
				CLANG_WARN_BLOCK_CAPTURE_AUTORELEASING = YES;
				CLANG_WARN_BOOL_CONVERSION = YES;
				CLANG_WARN_COMMA = YES;
				CLANG_WARN_CONSTANT_CONVERSION = YES;
				CLANG_WARN_DEPRECATED_OBJC_IMPLEMENTATIONS = YES;
				CLANG_WARN_DIRECT_OBJC_ISA_USAGE = YES_ERROR;
				CLANG_WARN_DOCUMENTATION_COMMENTS = YES;
				CLANG_WARN_EMPTY_BODY = YES;
				CLANG_WARN_ENUM_CONVERSION = YES;
				CLANG_WARN_INFINITE_RECURSION = YES;
				CLANG_WARN_INT_CONVERSION = YES;
				CLANG_WARN_NON_LITERAL_NULL_CONVERSION = YES;
				CLANG_WARN_OBJC_IMPLICIT_RETAIN_SELF = YES;
				CLANG_WARN_OBJC_LITERAL_CONVERSION = YES;
				CLANG_WARN_OBJC_ROOT_CLASS = YES_ERROR;
				CLANG_WARN_QUOTED_INCLUDE_IN_FRAMEWORK_HEADER = YES;
				CLANG_WARN_RANGE_LOOP_ANALYSIS = YES;
				CLANG_WARN_STRICT_PROTOTYPES = YES;
				CLANG_WARN_SUSPICIOUS_MOVE = YES;
				CLANG_WARN_UNGUARDED_AVAILABILITY = YES_AGGRESSIVE;
				CLANG_WARN_UNREACHABLE_CODE = YES;
				CLANG_WARN__DUPLICATE_METHOD_MATCH = YES;
				COPY_PHASE_STRIP = NO;
				DEBUG_INFORMATION_FORMAT = "dwarf-with-dsym";
				ENABLE_NS_ASSERTIONS = NO;
				ENABLE_STRICT_OBJC_MSGSEND = YES;
				GCC_C_LANGUAGE_STANDARD = gnu11;
				GCC_NO_COMMON_BLOCKS = YES;
				GCC_WARN_64_TO_32_BIT_CONVERSION = YES;
				GCC_WARN_ABOUT_RETURN_TYPE = YES_ERROR;
				GCC_WARN_UNDECLARED_SELECTOR = YES;
				GCC_WARN_UNINITIALIZED_AUTOS = YES_AGGRESSIVE;
				GCC_WARN_UNUSED_FUNCTION = YES;
				GCC_WARN_UNUSED_VARIABLE = YES;
				IPHONEOS_DEPLOYMENT_TARGET = 16.4;
				MTL_ENABLE_DEBUG_INFO = NO;
				MTL_FAST_MATH = YES;
				SDKROOT = iphoneos;
				SWIFT_COMPILATION_MODE = wholemodule;
				SWIFT_OPTIMIZATION_LEVEL = "-O";
				VALIDATE_PRODUCT = YES;
			};
			name = Release;
		};
		1A72B3912A22A53C006E3BAC /* Debug */ = {
			isa = XCBuildConfiguration;
			buildSettings = {
				ASSETCATALOG_COMPILER_APPICON_NAME = AppIcon;
				ASSETCATALOG_COMPILER_GLOBAL_ACCENT_COLOR_NAME = AccentColor;
				CODE_SIGN_STYLE = Automatic;
				CURRENT_PROJECT_VERSION = 1;
				DEVELOPMENT_TEAM = J87JMWL8MD;
				GENERATE_INFOPLIST_FILE = YES;
				INFOPLIST_FILE = HearthstoneApp/Info.plist;
				INFOPLIST_KEY_UIApplicationSupportsIndirectInputEvents = YES;
				INFOPLIST_KEY_UILaunchStoryboardName = LaunchScreen;
				INFOPLIST_KEY_UIMainStoryboardFile = Main;
				INFOPLIST_KEY_UISupportedInterfaceOrientations_iPad = "UIInterfaceOrientationPortrait UIInterfaceOrientationPortraitUpsideDown UIInterfaceOrientationLandscapeLeft UIInterfaceOrientationLandscapeRight";
				INFOPLIST_KEY_UISupportedInterfaceOrientations_iPhone = "UIInterfaceOrientationPortrait UIInterfaceOrientationLandscapeLeft UIInterfaceOrientationLandscapeRight";
				LD_RUNPATH_SEARCH_PATHS = (
					"$(inherited)",
					"@executable_path/Frameworks",
				);
				MARKETING_VERSION = 1.0;
				PRODUCT_BUNDLE_IDENTIFIER = br.com.techinfostudio.HearthstoneApp;
				PRODUCT_NAME = "$(TARGET_NAME)";
				SWIFT_EMIT_LOC_STRINGS = YES;
				SWIFT_VERSION = 5.0;
				TARGETED_DEVICE_FAMILY = "1,2";
			};
			name = Debug;
		};
		1A72B3922A22A53C006E3BAC /* Release */ = {
			isa = XCBuildConfiguration;
			buildSettings = {
				ASSETCATALOG_COMPILER_APPICON_NAME = AppIcon;
				ASSETCATALOG_COMPILER_GLOBAL_ACCENT_COLOR_NAME = AccentColor;
				CODE_SIGN_STYLE = Automatic;
				CURRENT_PROJECT_VERSION = 1;
				DEVELOPMENT_TEAM = J87JMWL8MD;
				GENERATE_INFOPLIST_FILE = YES;
				INFOPLIST_FILE = HearthstoneApp/Info.plist;
				INFOPLIST_KEY_UIApplicationSupportsIndirectInputEvents = YES;
				INFOPLIST_KEY_UILaunchStoryboardName = LaunchScreen;
				INFOPLIST_KEY_UIMainStoryboardFile = Main;
				INFOPLIST_KEY_UISupportedInterfaceOrientations_iPad = "UIInterfaceOrientationPortrait UIInterfaceOrientationPortraitUpsideDown UIInterfaceOrientationLandscapeLeft UIInterfaceOrientationLandscapeRight";
				INFOPLIST_KEY_UISupportedInterfaceOrientations_iPhone = "UIInterfaceOrientationPortrait UIInterfaceOrientationLandscapeLeft UIInterfaceOrientationLandscapeRight";
				LD_RUNPATH_SEARCH_PATHS = (
					"$(inherited)",
					"@executable_path/Frameworks",
				);
				MARKETING_VERSION = 1.0;
				PRODUCT_BUNDLE_IDENTIFIER = br.com.techinfostudio.HearthstoneApp;
				PRODUCT_NAME = "$(TARGET_NAME)";
				SWIFT_EMIT_LOC_STRINGS = YES;
				SWIFT_VERSION = 5.0;
				TARGETED_DEVICE_FAMILY = "1,2";
			};
			name = Release;
		};
		1A72B3942A22A53C006E3BAC /* Debug */ = {
			isa = XCBuildConfiguration;
			buildSettings = {
				ALWAYS_EMBED_SWIFT_STANDARD_LIBRARIES = YES;
				BUNDLE_LOADER = "$(TEST_HOST)";
				CODE_SIGN_STYLE = Automatic;
				CURRENT_PROJECT_VERSION = 1;
				DEVELOPMENT_TEAM = J87JMWL8MD;
				GENERATE_INFOPLIST_FILE = YES;
				IPHONEOS_DEPLOYMENT_TARGET = 16.4;
				MARKETING_VERSION = 1.0;
				PRODUCT_BUNDLE_IDENTIFIER = br.com.techinfostudio.HearthstoneAppTests;
				PRODUCT_NAME = "$(TARGET_NAME)";
				SWIFT_EMIT_LOC_STRINGS = NO;
				SWIFT_VERSION = 5.0;
				TARGETED_DEVICE_FAMILY = "1,2";
				TEST_HOST = "$(BUILT_PRODUCTS_DIR)/HearthstoneApp.app/$(BUNDLE_EXECUTABLE_FOLDER_PATH)/HearthstoneApp";
			};
			name = Debug;
		};
		1A72B3952A22A53C006E3BAC /* Release */ = {
			isa = XCBuildConfiguration;
			buildSettings = {
				ALWAYS_EMBED_SWIFT_STANDARD_LIBRARIES = YES;
				BUNDLE_LOADER = "$(TEST_HOST)";
				CODE_SIGN_STYLE = Automatic;
				CURRENT_PROJECT_VERSION = 1;
				DEVELOPMENT_TEAM = J87JMWL8MD;
				GENERATE_INFOPLIST_FILE = YES;
				IPHONEOS_DEPLOYMENT_TARGET = 16.4;
				MARKETING_VERSION = 1.0;
				PRODUCT_BUNDLE_IDENTIFIER = br.com.techinfostudio.HearthstoneAppTests;
				PRODUCT_NAME = "$(TARGET_NAME)";
				SWIFT_EMIT_LOC_STRINGS = NO;
				SWIFT_VERSION = 5.0;
				TARGETED_DEVICE_FAMILY = "1,2";
				TEST_HOST = "$(BUILT_PRODUCTS_DIR)/HearthstoneApp.app/$(BUNDLE_EXECUTABLE_FOLDER_PATH)/HearthstoneApp";
			};
			name = Release;
		};
		1A72B3972A22A53C006E3BAC /* Debug */ = {
			isa = XCBuildConfiguration;
			buildSettings = {
				ALWAYS_EMBED_SWIFT_STANDARD_LIBRARIES = YES;
				CODE_SIGN_STYLE = Automatic;
				CURRENT_PROJECT_VERSION = 1;
				DEVELOPMENT_TEAM = J87JMWL8MD;
				GENERATE_INFOPLIST_FILE = YES;
				MARKETING_VERSION = 1.0;
				PRODUCT_BUNDLE_IDENTIFIER = br.com.techinfostudio.HearthstoneAppUITests;
				PRODUCT_NAME = "$(TARGET_NAME)";
				SWIFT_EMIT_LOC_STRINGS = NO;
				SWIFT_VERSION = 5.0;
				TARGETED_DEVICE_FAMILY = "1,2";
				TEST_TARGET_NAME = HearthstoneApp;
			};
			name = Debug;
		};
		1A72B3982A22A53C006E3BAC /* Release */ = {
			isa = XCBuildConfiguration;
			buildSettings = {
				ALWAYS_EMBED_SWIFT_STANDARD_LIBRARIES = YES;
				CODE_SIGN_STYLE = Automatic;
				CURRENT_PROJECT_VERSION = 1;
				DEVELOPMENT_TEAM = J87JMWL8MD;
				GENERATE_INFOPLIST_FILE = YES;
				MARKETING_VERSION = 1.0;
				PRODUCT_BUNDLE_IDENTIFIER = br.com.techinfostudio.HearthstoneAppUITests;
				PRODUCT_NAME = "$(TARGET_NAME)";
				SWIFT_EMIT_LOC_STRINGS = NO;
				SWIFT_VERSION = 5.0;
				TARGETED_DEVICE_FAMILY = "1,2";
				TEST_TARGET_NAME = HearthstoneApp;
			};
			name = Release;
		};
/* End XCBuildConfiguration section */

/* Begin XCConfigurationList section */
		1A72B3612A22A53A006E3BAC /* Build configuration list for PBXProject "HearthstoneApp" */ = {
			isa = XCConfigurationList;
			buildConfigurations = (
				1A72B38E2A22A53C006E3BAC /* Debug */,
				1A72B38F2A22A53C006E3BAC /* Release */,
			);
			defaultConfigurationIsVisible = 0;
			defaultConfigurationName = Release;
		};
		1A72B3902A22A53C006E3BAC /* Build configuration list for PBXNativeTarget "HearthstoneApp" */ = {
			isa = XCConfigurationList;
			buildConfigurations = (
				1A72B3912A22A53C006E3BAC /* Debug */,
				1A72B3922A22A53C006E3BAC /* Release */,
			);
			defaultConfigurationIsVisible = 0;
			defaultConfigurationName = Release;
		};
		1A72B3932A22A53C006E3BAC /* Build configuration list for PBXNativeTarget "HearthstoneAppTests" */ = {
			isa = XCConfigurationList;
			buildConfigurations = (
				1A72B3942A22A53C006E3BAC /* Debug */,
				1A72B3952A22A53C006E3BAC /* Release */,
			);
			defaultConfigurationIsVisible = 0;
			defaultConfigurationName = Release;
		};
		1A72B3962A22A53C006E3BAC /* Build configuration list for PBXNativeTarget "HearthstoneAppUITests" */ = {
			isa = XCConfigurationList;
			buildConfigurations = (
				1A72B3972A22A53C006E3BAC /* Debug */,
				1A72B3982A22A53C006E3BAC /* Release */,
			);
			defaultConfigurationIsVisible = 0;
			defaultConfigurationName = Release;
		};
/* End XCConfigurationList section */
	};
	rootObject = 1A72B35E2A22A53A006E3BAC /* Project object */;
}
